
Microsoft Visual Studio Solution File, Format Version 12.00
# Visual Studio Version 17
VisualStudioVersion = 17.9.34723.18
MinimumVisualStudioVersion = 10.0.40219.1
Project("{FAE04EC0-301F-11D3-BF4B-00C04F79EFBC}") = "WebApplication1", "WebApplication1\WebApplication1.csproj", "{A3DDE771-D871-4EDF-9886-B03151178AC8}"
EndProject
Global
	GlobalSection(SolutionConfigurationPlatforms) = preSolution
		Debug|Any CPU = Debug|Any CPU
		Release|Any CPU = Release|Any CPU
	EndGlobalSection
	GlobalSection(ProjectConfigurationPlatforms) = postSolution
		{A3DDE771-D871-4EDF-9886-B03151178AC8}.Debug|Any CPU.ActiveCfg = Debug|Any CPU
		{A3DDE771-D871-4EDF-9886-B03151178AC8}.Debug|Any CPU.Build.0 = Debug|Any CPU
		{A3DDE771-D871-4EDF-9886-B03151178AC8}.Release|Any CPU.ActiveCfg = Release|Any CPU
		{A3DDE771-D871-4EDF-9886-B03151178AC8}.Release|Any CPU.Build.0 = Release|Any CPU
	EndGlobalSection
	GlobalSection(SolutionProperties) = preSolution
		HideSolutionNode = FALSE
	EndGlobalSection
	GlobalSection(ExtensibilityGlobals) = postSolution
		SolutionGuid = {F66583A1-7BCB-4569-8F96-35F5D7671AD6}
	EndGlobalSection
EndGlobal
